
Microsoft Visual Studio Solution File, Format Version 12.00
# Visual Studio Version 16
VisualStudioVersion = 16.0.31727.386
MinimumVisualStudioVersion = 10.0.40219.1
Project("{FAE04EC0-301F-11D3-BF4B-00C04F79EFBC}") = "prog_obj_04", "prog_obj_04\prog_obj_04.csproj", "{EDCA299D-6975-4971-BB02-5124DC973166}"
EndProject
Global
	GlobalSection(SolutionConfigurationPlatforms) = preSolution
		Debug|Any CPU = Debug|Any CPU
		Release|Any CPU = Release|Any CPU
	EndGlobalSection
	GlobalSection(ProjectConfigurationPlatforms) = postSolution
		{EDCA299D-6975-4971-BB02-5124DC973166}.Debug|Any CPU.ActiveCfg = Debug|Any CPU
		{EDCA299D-6975-4971-BB02-5124DC973166}.Debug|Any CPU.Build.0 = Debug|Any CPU
		{EDCA299D-6975-4971-BB02-5124DC973166}.Release|Any CPU.ActiveCfg = Release|Any CPU
		{EDCA299D-6975-4971-BB02-5124DC973166}.Release|Any CPU.Build.0 = Release|Any CPU
	EndGlobalSection
	GlobalSection(SolutionProperties) = preSolution
		HideSolutionNode = FALSE
	EndGlobalSection
	GlobalSection(ExtensibilityGlobals) = postSolution
		SolutionGuid = {DA38FAE4-80E4-4731-BF13-6700799D8336}
	EndGlobalSection
EndGlobal
